
Microsoft Visual Studio Solution File, Format Version 12.00
# Visual Studio 15
Project("{FAE04EC0-301F-11D3-BF4B-00C04F79EFBC}") = "UnityEngine.UI", "UnityEngine.UI.csproj", "{A5F43F5F-CD12-091B-2DD3-5F5F1022D977}"
EndProject
Project("{FAE04EC0-301F-11D3-BF4B-00C04F79EFBC}") = "Unity.RenderPipelines.Core.Runtime", "Unity.RenderPipelines.Core.Runtime.csproj", "{1BC9D7EE-11D7-634F-0143-8CEC44F14542}"
EndProject
Project("{FAE04EC0-301F-11D3-BF4B-00C04F79EFBC}") = "UnityEngine.TestRunner", "UnityEngine.TestRunner.csproj", "{9AAFEBD0-E082-13FF-6FC3-36DB5B0D0FD0}"
EndProject
Project("{FAE04EC0-301F-11D3-BF4B-00C04F79EFBC}") = "Unity.Mathematics", "Unity.Mathematics.csproj", "{009FBB57-22FB-E78E-F208-3E43DF7450B5}"
EndProject
Project("{FAE04EC0-301F-11D3-BF4B-00C04F79EFBC}") = "Unity.InputSystem", "Unity.InputSystem.csproj", "{94A302FC-DCC3-5DFB-A282-4156773D8D2D}"
EndProject
Project("{FAE04EC0-301F-11D3-BF4B-00C04F79EFBC}") = "Unity.VisualScripting.State", "Unity.VisualScripting.State.csproj", "{9EE67A34-1DD6-F212-F58D-2DD86D2B9246}"
EndProject
Project("{FAE04EC0-301F-11D3-BF4B-00C04F79EFBC}") = "Unity.VisualScripting.Core", "Unity.VisualScripting.Core.csproj", "{DA28BE87-61BF-64ED-DF3D-A5F5B3F98E44}"
EndProject
Project("{FAE04EC0-301F-11D3-BF4B-00C04F79EFBC}") = "Unity.RenderPipelines.Universal.Runtime", "Unity.RenderPipelines.Universal.Runtime.csproj", "{885E56B9-A919-C8A8-023C-B561FC20F8F4}"
EndProject
Project("{FAE04EC0-301F-11D3-BF4B-00C04F79EFBC}") = "UnityEngine.Purchasing.WinRTCore", "UnityEngine.Purchasing.WinRTCore.csproj", "{D8DE3EF4-7643-6B86-A56C-69A6D9A61960}"
EndProject
Project("{FAE04EC0-301F-11D3-BF4B-00C04F79EFBC}") = "Unity.VisualScripting.Flow", "Unity.VisualScripting.Flow.csproj", "{C8662657-6C14-5700-56D1-B8494203E0A5}"
EndProject
Project("{FAE04EC0-301F-11D3-BF4B-00C04F79EFBC}") = "UnityEngine.Purchasing.AppleCore", "UnityEngine.Purchasing.AppleCore.csproj", "{AFC41128-A057-C983-E73F-C5640ACA5690}"
EndProject
Project("{FAE04EC0-301F-11D3-BF4B-00C04F79EFBC}") = "Unity.2D.Animation.Runtime", "Unity.2D.Animation.Runtime.csproj", "{0B16CDD5-26A6-5C61-3C3E-B9F9CC78158C}"
EndProject
Project("{FAE04EC0-301F-11D3-BF4B-00C04F79EFBC}") = "Unity.TextMeshPro", "Unity.TextMeshPro.csproj", "{ED6E7292-C751-91E4-1B6D-D9E879175DB4}"
EndProject
Project("{FAE04EC0-301F-11D3-BF4B-00C04F79EFBC}") = "UnityEngine.Purchasing.Stores", "UnityEngine.Purchasing.Stores.csproj", "{0176E726-13A4-12B9-70B1-754F2D07C09A}"
EndProject
Project("{FAE04EC0-301F-11D3-BF4B-00C04F79EFBC}") = "Unity.Timeline", "Unity.Timeline.csproj", "{226B19A5-5364-6A17-12E7-C99BBAB6B704}"
EndProject
Project("{FAE04EC0-301F-11D3-BF4B-00C04F79EFBC}") = "Unity.Notifications.Android", "Unity.Notifications.Android.csproj", "{E0171378-A536-5859-F72B-FE5524EEC5BB}"
EndProject
Project("{FAE04EC0-301F-11D3-BF4B-00C04F79EFBC}") = "UnityEngine.Purchasing", "UnityEngine.Purchasing.csproj", "{19C72625-1131-DA35-F9D7-0AC34D11EDF8}"
EndProject
Project("{FAE04EC0-301F-11D3-BF4B-00C04F79EFBC}") = "Assembly-CSharp", "Assembly-CSharp.csproj", "{3EDF976E-26C1-5288-1D3A-BDFB6F1085C8}"
EndProject
Project("{FAE04EC0-301F-11D3-BF4B-00C04F79EFBC}") = "Unity.2D.SpriteShape.Runtime", "Unity.2D.SpriteShape.Runtime.csproj", "{22EAC26C-2B33-E497-6998-FA68FB4E8322}"
EndProject
Project("{FAE04EC0-301F-11D3-BF4B-00C04F79EFBC}") = "Unity.2D.Animation.Triangle.Runtime", "Unity.2D.Animation.Triangle.Runtime.csproj", "{687E3F98-EDF5-3016-71EA-C92558E2E595}"
EndProject
Project("{FAE04EC0-301F-11D3-BF4B-00C04F79EFBC}") = "UnityEngine.Purchasing.SecurityStub", "UnityEngine.Purchasing.SecurityStub.csproj", "{943E44A2-5826-FC4B-DC40-25780D148470}"
EndProject
Project("{FAE04EC0-301F-11D3-BF4B-00C04F79EFBC}") = "Unity.Notifications.iOS", "Unity.Notifications.iOS.csproj", "{2576327C-A035-088F-AC58-02B62260FB2E}"
EndProject
Project("{FAE04EC0-301F-11D3-BF4B-00C04F79EFBC}") = "Purchasing.Common", "Purchasing.Common.csproj", "{8E18A047-7DC5-E955-A454-7A4B26E4AB70}"
EndProject
Project("{FAE04EC0-301F-11D3-BF4B-00C04F79EFBC}") = "Unity.2D.PixelPerfect", "Unity.2D.PixelPerfect.csproj", "{3BA319C9-3BC5-373A-14E8-A65F5BD8D88F}"
EndProject
Project("{FAE04EC0-301F-11D3-BF4B-00C04F79EFBC}") = "Unity.2D.IK.Runtime", "Unity.2D.IK.Runtime.csproj", "{6C4640D5-BAC8-43FC-FE33-61F636AA743B}"
EndProject
Project("{FAE04EC0-301F-11D3-BF4B-00C04F79EFBC}") = "UnityEngine.Purchasing.SecurityCore", "UnityEngine.Purchasing.SecurityCore.csproj", "{BD326733-2BF2-8080-F79D-EC0AB16F7E16}"
EndProject
Project("{FAE04EC0-301F-11D3-BF4B-00C04F79EFBC}") = "Unity.RenderPipeline.Universal.ShaderLibrary", "Unity.RenderPipeline.Universal.ShaderLibrary.csproj", "{B5469C77-9638-AADF-2744-75188DC403D9}"
EndProject
Project("{FAE04EC0-301F-11D3-BF4B-00C04F79EFBC}") = "UnityEngine.Purchasing.WinRTStub", "UnityEngine.Purchasing.WinRTStub.csproj", "{FA9C65E9-823F-53E3-44EB-7DF8A1FF9AF0}"
EndProject
Project("{FAE04EC0-301F-11D3-BF4B-00C04F79EFBC}") = "UnityEngine.Purchasing.AppleMacosStub", "UnityEngine.Purchasing.AppleMacosStub.csproj", "{28AFE019-DC57-DF58-8474-0CE776C45268}"
EndProject
Project("{FAE04EC0-301F-11D3-BF4B-00C04F79EFBC}") = "Unity.2D.Common.Runtime", "Unity.2D.Common.Runtime.csproj", "{FABAD25A-365B-2EC7-79B5-7D9DC5595327}"
EndProject
Project("{FAE04EC0-301F-11D3-BF4B-00C04F79EFBC}") = "Unity.RenderPipelines.Core.ShaderLibrary", "Unity.RenderPipelines.Core.ShaderLibrary.csproj", "{F543AFAB-EB69-7A8D-5DD0-85DFA64F579A}"
EndProject
Project("{FAE04EC0-301F-11D3-BF4B-00C04F79EFBC}") = "Unity.InternalAPIEngineBridge.001", "Unity.InternalAPIEngineBridge.001.csproj", "{CC30DF01-C8CE-89F4-4F2A-F171DF11CFC1}"
EndProject
Project("{FAE04EC0-301F-11D3-BF4B-00C04F79EFBC}") = "UnityEngine.Purchasing.Codeless", "UnityEngine.Purchasing.Codeless.csproj", "{FCD7FFEB-75D5-7822-F633-D911EAE5AE7F}"
EndProject
Project("{FAE04EC0-301F-11D3-BF4B-00C04F79EFBC}") = "UnityEngine.Purchasing.AppleStub", "UnityEngine.Purchasing.AppleStub.csproj", "{9A0BE64C-A6E3-7D35-EF98-124B2D55C065}"
EndProject
Project("{FAE04EC0-301F-11D3-BF4B-00C04F79EFBC}") = "Unity.RenderPipelines.Universal.Shaders", "Unity.RenderPipelines.Universal.Shaders.csproj", "{81F89B6F-0ED9-F98A-0061-E2C5ED06F574}"
EndProject
Project("{FAE04EC0-301F-11D3-BF4B-00C04F79EFBC}") = "Unity.RenderPipelines.ShaderGraph.ShaderGraphLibrary", "Unity.RenderPipelines.ShaderGraph.ShaderGraphLibrary.csproj", "{1791A9EE-8A58-6745-AF4F-E57A48C4CE68}"
EndProject
Project("{FAE04EC0-301F-11D3-BF4B-00C04F79EFBC}") = "Unity.VisualScripting.Core.Editor", "Unity.VisualScripting.Core.Editor.csproj", "{07D4191D-592D-7DD6-4796-E48D37A1ECD7}"
EndProject
Project("{FAE04EC0-301F-11D3-BF4B-00C04F79EFBC}") = "Unity.ShaderGraph.Editor", "Unity.ShaderGraph.Editor.csproj", "{B4E65662-C914-EFBC-CCB2-128F9F95AFD5}"
EndProject
Project("{FAE04EC0-301F-11D3-BF4B-00C04F79EFBC}") = "Unity.VisualStudio.Editor", "Unity.VisualStudio.Editor.csproj", "{D2057D65-BEF9-68B2-7145-533FB9AC0AE9}"
EndProject
Project("{FAE04EC0-301F-11D3-BF4B-00C04F79EFBC}") = "Unity.Timeline.Editor", "Unity.Timeline.Editor.csproj", "{9A306088-3435-2946-8A20-D9FE9A2BAE0E}"
EndProject
Project("{FAE04EC0-301F-11D3-BF4B-00C04F79EFBC}") = "Unity.VisualScripting.State.Editor", "Unity.VisualScripting.State.Editor.csproj", "{5740C9E3-FDE4-E93E-BA2B-A848F740FEE1}"
EndProject
Project("{FAE04EC0-301F-11D3-BF4B-00C04F79EFBC}") = "Unity.TextMeshPro.Editor", "Unity.TextMeshPro.Editor.csproj", "{88F902F6-9A89-83E1-5BE9-AD5CA02C017C}"
EndProject
Project("{FAE04EC0-301F-11D3-BF4B-00C04F79EFBC}") = "Unity.2D.Animation.Editor", "Unity.2D.Animation.Editor.csproj", "{938ADD59-D528-364E-61B9-170D2D12AAFB}"
EndProject
Project("{FAE04EC0-301F-11D3-BF4B-00C04F79EFBC}") = "VSSettingsProvider", "VSSettingsProvider.csproj", "{2D7E95AF-9999-8836-28E2-BB18B151E2DB}"
EndProject
Project("{FAE04EC0-301F-11D3-BF4B-00C04F79EFBC}") = "Unity.CollabProxy.Editor", "Unity.CollabProxy.Editor.csproj", "{959BAA84-F8CF-102F-BDF5-0BCB10DFCE3C}"
EndProject
Project("{FAE04EC0-301F-11D3-BF4B-00C04F79EFBC}") = "UnityEditor.TestRunner", "UnityEditor.TestRunner.csproj", "{D581F22D-F412-C532-A6D0-A164ADDA3DD1}"
EndProject
Project("{FAE04EC0-301F-11D3-BF4B-00C04F79EFBC}") = "Unity.VisualScripting.Flow.Editor", "Unity.VisualScripting.Flow.Editor.csproj", "{185539A9-E3B3-FE27-DEA5-8F2051273E39}"
EndProject
Project("{FAE04EC0-301F-11D3-BF4B-00C04F79EFBC}") = "Unity.Mobile.AndroidLogcat.Editor", "Unity.Mobile.AndroidLogcat.Editor.csproj", "{FA0E2498-3C7F-58DC-E7E5-B006519788F1}"
EndProject
Project("{FAE04EC0-301F-11D3-BF4B-00C04F79EFBC}") = "Unity.Rider.Editor", "Unity.Rider.Editor.csproj", "{F8D29D8F-CDD4-9B53-8F6E-79F725AFABB7}"
EndProject
Project("{FAE04EC0-301F-11D3-BF4B-00C04F79EFBC}") = "Unity.2D.Path.Editor", "Unity.2D.Path.Editor.csproj", "{7673BBAF-78B1-6154-DD57-CC610C801DA8}"
EndProject
Project("{FAE04EC0-301F-11D3-BF4B-00C04F79EFBC}") = "Unity.RenderPipelines.Universal.Editor", "Unity.RenderPipelines.Universal.Editor.csproj", "{E8860015-D351-F3B8-6F52-C2EE2CA15E00}"
EndProject
Project("{FAE04EC0-301F-11D3-BF4B-00C04F79EFBC}") = "Unity.Services.Core.Editor", "Unity.Services.Core.Editor.csproj", "{BE4F2695-397A-DAE1-5930-2B31446F228B}"
EndProject
Project("{FAE04EC0-301F-11D3-BF4B-00C04F79EFBC}") = "PsdPlugin", "PsdPlugin.csproj", "{6181D669-4A12-E149-C549-8A01E4B1F4EE}"
EndProject
Project("{FAE04EC0-301F-11D3-BF4B-00C04F79EFBC}") = "Unity.RenderPipelines.Core.Editor", "Unity.RenderPipelines.Core.Editor.csproj", "{1F2B87F8-9666-27CA-7429-94EB12EE600F}"
EndProject
Project("{FAE04EC0-301F-11D3-BF4B-00C04F79EFBC}") = "Unity.Searcher.Editor", "Unity.Searcher.Editor.csproj", "{1DEE791F-5124-D59E-C8CB-DD7B10D0C4A7}"
EndProject
Project("{FAE04EC0-301F-11D3-BF4B-00C04F79EFBC}") = "Unity.2D.IK.Editor", "Unity.2D.IK.Editor.csproj", "{D2DD24F9-339E-539B-0383-04B60E4FD63D}"
EndProject
Project("{FAE04EC0-301F-11D3-BF4B-00C04F79EFBC}") = "Unity.2D.Psdimporter.Editor", "Unity.2D.Psdimporter.Editor.csproj", "{2D64860C-A76F-5B2F-14CA-63DFB038ED60}"
EndProject
Project("{FAE04EC0-301F-11D3-BF4B-00C04F79EFBC}") = "Unity.2D.SpriteShape.Editor", "Unity.2D.SpriteShape.Editor.csproj", "{4FF845C8-100E-32E3-F2B2-20ABFEB969F0}"
EndProject
Project("{FAE04EC0-301F-11D3-BF4B-00C04F79EFBC}") = "UnityEditor.Purchasing", "UnityEditor.Purchasing.csproj", "{D99D5B93-57D4-B066-9285-44E9B4DCF819}"
EndProject
Project("{FAE04EC0-301F-11D3-BF4B-00C04F79EFBC}") = "Unity.2D.Tilemap.Editor", "Unity.2D.Tilemap.Editor.csproj", "{383CD4ED-5395-DFFF-92E9-166661A4F213}"
EndProject
Project("{FAE04EC0-301F-11D3-BF4B-00C04F79EFBC}") = "Unity.2D.PixelPerfect.Editor", "Unity.2D.PixelPerfect.Editor.csproj", "{509721FD-3BA3-CD2C-F230-58B920F94509}"
EndProject
Project("{FAE04EC0-301F-11D3-BF4B-00C04F79EFBC}") = "Unity.VSCode.Editor", "Unity.VSCode.Editor.csproj", "{94CBC4B4-8F01-A380-50D3-9719351DE0B0}"
EndProject
Project("{FAE04EC0-301F-11D3-BF4B-00C04F79EFBC}") = "Unity.Notifications", "Unity.Notifications.csproj", "{660FD1B3-4B42-57D3-2BAC-D64AB4C4C16C}"
EndProject
Project("{FAE04EC0-301F-11D3-BF4B-00C04F79EFBC}") = "Unity.2D.Sprite.Editor", "Unity.2D.Sprite.Editor.csproj", "{57FB11F2-4FC0-4222-30D1-698EACD9F2F1}"
EndProject
Project("{FAE04EC0-301F-11D3-BF4B-00C04F79EFBC}") = "UnityEditor.UI", "UnityEditor.UI.csproj", "{195A2E52-7ECC-3BEC-5CBD-835DCC243DD4}"
EndProject
Project("{FAE04EC0-301F-11D3-BF4B-00C04F79EFBC}") = "Unity.Mathematics.Editor", "Unity.Mathematics.Editor.csproj", "{2257F079-B99D-7F64-5241-1CF92E2DA62A}"
EndProject
Project("{FAE04EC0-301F-11D3-BF4B-00C04F79EFBC}") = "Unity.2D.Common.Editor", "Unity.2D.Common.Editor.csproj", "{40F2DBA5-9441-D159-702C-22E4CFC4D6C8}"
EndProject
Project("{FAE04EC0-301F-11D3-BF4B-00C04F79EFBC}") = "Unity.InternalAPIEditorBridge.001", "Unity.InternalAPIEditorBridge.001.csproj", "{A434B5DF-8CBD-631E-426F-4CB1046BBDAE}"
EndProject
Project("{FAE04EC0-301F-11D3-BF4B-00C04F79EFBC}") = "Unity.ShaderGraph.Utilities", "Unity.ShaderGraph.Utilities.csproj", "{84A5747E-877E-9932-B73E-E1743C821488}"
EndProject
Project("{FAE04EC0-301F-11D3-BF4B-00C04F79EFBC}") = "UnityEngine.UI", "UnityEngine.UI.Player.csproj", "{39206057-A89E-064F-205E-B8B834088621}"
EndProject
Project("{FAE04EC0-301F-11D3-BF4B-00C04F79EFBC}") = "Unity.RenderPipelines.Core.Runtime", "Unity.RenderPipelines.Core.Runtime.Player.csproj", "{2820EA90-3B4F-307C-04A0-88CB460E6E58}"
EndProject
Project("{FAE04EC0-301F-11D3-BF4B-00C04F79EFBC}") = "UnityEngine.TestRunner", "UnityEngine.TestRunner.Player.csproj", "{67956E25-8F57-53B0-F9E6-BE79BF83D969}"
EndProject
Project("{FAE04EC0-301F-11D3-BF4B-00C04F79EFBC}") = "Unity.Mathematics", "Unity.Mathematics.Player.csproj", "{C97F048B-D235-25D6-D2A5-1D2E3AD1A684}"
EndProject
Project("{FAE04EC0-301F-11D3-BF4B-00C04F79EFBC}") = "Unity.InputSystem", "Unity.InputSystem.Player.csproj", "{30A7BC8E-9431-8A1D-7504-1E93A475CCE6}"
EndProject
Project("{FAE04EC0-301F-11D3-BF4B-00C04F79EFBC}") = "Unity.VisualScripting.State", "Unity.VisualScripting.State.Player.csproj", "{6D7EBAA2-514C-DAE5-4612-919867A8F099}"
EndProject
Project("{FAE04EC0-301F-11D3-BF4B-00C04F79EFBC}") = "Unity.VisualScripting.Core", "Unity.VisualScripting.Core.Player.csproj", "{98487CD1-7A19-60B5-64A8-4D39FC609D55}"
EndProject
Project("{FAE04EC0-301F-11D3-BF4B-00C04F79EFBC}") = "Unity.RenderPipelines.Universal.Runtime", "Unity.RenderPipelines.Universal.Runtime.Player.csproj", "{A58A383C-C985-E0FD-6713-60D88F154E9E}"
EndProject
Project("{FAE04EC0-301F-11D3-BF4B-00C04F79EFBC}") = "UnityEngine.Purchasing.WinRTCore", "UnityEngine.Purchasing.WinRTCore.Player.csproj", "{04CF42E1-23F5-43D7-3207-9509955E4E05}"
EndProject
Project("{FAE04EC0-301F-11D3-BF4B-00C04F79EFBC}") = "Unity.VisualScripting.Flow", "Unity.VisualScripting.Flow.Player.csproj", "{3A7AE969-D63A-9FF0-36F5-590CF2D58E8F}"
EndProject
Project("{FAE04EC0-301F-11D3-BF4B-00C04F79EFBC}") = "UnityEngine.Purchasing.AppleCore", "UnityEngine.Purchasing.AppleCore.Player.csproj", "{92A772D2-B1C5-4DD1-6F4B-D24B6F75CAD9}"
EndProject
Project("{FAE04EC0-301F-11D3-BF4B-00C04F79EFBC}") = "Unity.2D.Animation.Runtime", "Unity.2D.Animation.Runtime.Player.csproj", "{88106256-405D-E204-7BA9-9DEECE4BD041}"
EndProject
Project("{FAE04EC0-301F-11D3-BF4B-00C04F79EFBC}") = "Unity.TextMeshPro", "Unity.TextMeshPro.Player.csproj", "{09B08BF2-107C-8FA8-F305-756DFF87EE1D}"
EndProject
Project("{FAE04EC0-301F-11D3-BF4B-00C04F79EFBC}") = "UnityEngine.Purchasing.Stores", "UnityEngine.Purchasing.Stores.Player.csproj", "{3A55E76D-D477-44AB-30FA-6C7E34F7977D}"
EndProject
Project("{FAE04EC0-301F-11D3-BF4B-00C04F79EFBC}") = "Unity.Timeline", "Unity.Timeline.Player.csproj", "{FDFB7099-9318-BD1D-0B64-20F4B31D497F}"
EndProject
Project("{FAE04EC0-301F-11D3-BF4B-00C04F79EFBC}") = "UnityEngine.Purchasing.Security", "UnityEngine.Purchasing.Security.Player.csproj", "{EDA81C29-372F-C01F-F0D8-E13B21A901CF}"
EndProject
Project("{FAE04EC0-301F-11D3-BF4B-00C04F79EFBC}") = "UnityEngine.Purchasing", "UnityEngine.Purchasing.Player.csproj", "{EF680306-9E3A-772A-5E90-3EFB2DB91E8D}"
EndProject
Project("{FAE04EC0-301F-11D3-BF4B-00C04F79EFBC}") = "Assembly-CSharp", "Assembly-CSharp.Player.csproj", "{4EF5FF94-9C7E-67C3-AEB1-CD4EABDD7E53}"
EndProject
Project("{FAE04EC0-301F-11D3-BF4B-00C04F79EFBC}") = "Unity.2D.SpriteShape.Runtime", "Unity.2D.SpriteShape.Runtime.Player.csproj", "{F952805B-2486-4A08-3F15-BB64A8E5395D}"
EndProject
Project("{FAE04EC0-301F-11D3-BF4B-00C04F79EFBC}") = "Unity.2D.Animation.Triangle.Runtime", "Unity.2D.Animation.Triangle.Runtime.Player.csproj", "{B6554399-B03C-5F15-C2C7-57E23A599A67}"
EndProject
Project("{FAE04EC0-301F-11D3-BF4B-00C04F79EFBC}") = "Purchasing.Common", "Purchasing.Common.Player.csproj", "{409B6C3F-38CF-9163-40AF-6D5F7808B7DD}"
EndProject
Project("{FAE04EC0-301F-11D3-BF4B-00C04F79EFBC}") = "Unity.2D.PixelPerfect", "Unity.2D.PixelPerfect.Player.csproj", "{A5EECA46-CC6F-0521-C999-830C86DD5DE4}"
EndProject
Project("{FAE04EC0-301F-11D3-BF4B-00C04F79EFBC}") = "Unity.2D.IK.Runtime", "Unity.2D.IK.Runtime.Player.csproj", "{10D18FD5-4D95-AD11-E4AC-DF2199252216}"
EndProject
Project("{FAE04EC0-301F-11D3-BF4B-00C04F79EFBC}") = "UnityEngine.Purchasing.SecurityCore", "UnityEngine.Purchasing.SecurityCore.Player.csproj", "{1B1B881E-166F-1C01-B38C-D3586C369D61}"
EndProject
Project("{FAE04EC0-301F-11D3-BF4B-00C04F79EFBC}") = "Unity.RenderPipeline.Universal.ShaderLibrary", "Unity.RenderPipeline.Universal.ShaderLibrary.Player.csproj", "{30409CA3-AA88-F3DD-342C-EA8810F7E6D1}"
EndProject
Project("{FAE04EC0-301F-11D3-BF4B-00C04F79EFBC}") = "UnityEngine.Purchasing.WinRTStub", "UnityEngine.Purchasing.WinRTStub.Player.csproj", "{3C5FA8C4-F997-E4C7-0C9F-22DA7D62A130}"
EndProject
Project("{FAE04EC0-301F-11D3-BF4B-00C04F79EFBC}") = "Unity.2D.Common.Runtime", "Unity.2D.Common.Runtime.Player.csproj", "{0069A2F7-69E7-5B4B-87D6-C7D8D362DB42}"
EndProject
Project("{FAE04EC0-301F-11D3-BF4B-00C04F79EFBC}") = "Unity.RenderPipelines.Core.ShaderLibrary", "Unity.RenderPipelines.Core.ShaderLibrary.Player.csproj", "{EBA7B05D-1EA3-5E8F-D3A6-237508533D27}"
EndProject
Project("{FAE04EC0-301F-11D3-BF4B-00C04F79EFBC}") = "Unity.InternalAPIEngineBridge.001", "Unity.InternalAPIEngineBridge.001.Player.csproj", "{F2BAAF51-474B-EDF4-5D89-91C7A099998D}"
EndProject
Project("{FAE04EC0-301F-11D3-BF4B-00C04F79EFBC}") = "UnityEngine.Purchasing.Codeless", "UnityEngine.Purchasing.Codeless.Player.csproj", "{7CDCA953-80FB-3079-A4AE-3DE70A1F8DDA}"
EndProject
Project("{FAE04EC0-301F-11D3-BF4B-00C04F79EFBC}") = "UnityEngine.Purchasing.AppleMacos", "UnityEngine.Purchasing.AppleMacos.Player.csproj", "{187A968E-8E49-ACF5-3000-42AAFB99B366}"
EndProject
Project("{FAE04EC0-301F-11D3-BF4B-00C04F79EFBC}") = "UnityEngine.Purchasing.AppleStub", "UnityEngine.Purchasing.AppleStub.Player.csproj", "{437F6EF2-D0C1-1856-4A52-0AF7043B4426}"
EndProject
Project("{FAE04EC0-301F-11D3-BF4B-00C04F79EFBC}") = "Unity.RenderPipelines.Universal.Shaders", "Unity.RenderPipelines.Universal.Shaders.Player.csproj", "{DD895A96-E295-13A3-735C-C197DD387094}"
EndProject
Project("{FAE04EC0-301F-11D3-BF4B-00C04F79EFBC}") = "Unity.RenderPipelines.ShaderGraph.ShaderGraphLibrary", "Unity.RenderPipelines.ShaderGraph.ShaderGraphLibrary.Player.csproj", "{7AD292A2-5675-15FF-3BE6-0811AC0BE8D5}"
EndProject
Global
	GlobalSection(SolutionConfigurationPlatforms) = preSolution
		Debug|Any CPU = Debug|Any CPU
		Release|Any CPU = Release|Any CPU
	EndGlobalSection
	GlobalSection(ProjectConfigurationPlatforms) = postSolution
		{A5F43F5F-CD12-091B-2DD3-5F5F1022D977}.Debug|Any CPU.ActiveCfg = Debug|Any CPU
		{A5F43F5F-CD12-091B-2DD3-5F5F1022D977}.Debug|Any CPU.Build.0 = Debug|Any CPU
		{A5F43F5F-CD12-091B-2DD3-5F5F1022D977}.Release|Any CPU.ActiveCfg = Release|Any CPU
		{A5F43F5F-CD12-091B-2DD3-5F5F1022D977}.Release|Any CPU.Build.0 = Release|Any CPU
		{1BC9D7EE-11D7-634F-0143-8CEC44F14542}.Debug|Any CPU.ActiveCfg = Debug|Any CPU
		{1BC9D7EE-11D7-634F-0143-8CEC44F14542}.Debug|Any CPU.Build.0 = Debug|Any CPU
		{1BC9D7EE-11D7-634F-0143-8CEC44F14542}.Release|Any CPU.ActiveCfg = Release|Any CPU
		{1BC9D7EE-11D7-634F-0143-8CEC44F14542}.Release|Any CPU.Build.0 = Release|Any CPU
		{9AAFEBD0-E082-13FF-6FC3-36DB5B0D0FD0}.Debug|Any CPU.ActiveCfg = Debug|Any CPU
		{9AAFEBD0-E082-13FF-6FC3-36DB5B0D0FD0}.Debug|Any CPU.Build.0 = Debug|Any CPU
		{9AAFEBD0-E082-13FF-6FC3-36DB5B0D0FD0}.Release|Any CPU.ActiveCfg = Release|Any CPU
		{9AAFEBD0-E082-13FF-6FC3-36DB5B0D0FD0}.Release|Any CPU.Build.0 = Release|Any CPU
		{009FBB57-22FB-E78E-F208-3E43DF7450B5}.Debug|Any CPU.ActiveCfg = Debug|Any CPU
		{009FBB57-22FB-E78E-F208-3E43DF7450B5}.Debug|Any CPU.Build.0 = Debug|Any CPU
		{009FBB57-22FB-E78E-F208-3E43DF7450B5}.Release|Any CPU.ActiveCfg = Release|Any CPU
		{009FBB57-22FB-E78E-F208-3E43DF7450B5}.Release|Any CPU.Build.0 = Release|Any CPU
		{94A302FC-DCC3-5DFB-A282-4156773D8D2D}.Debug|Any CPU.ActiveCfg = Debug|Any CPU
		{94A302FC-DCC3-5DFB-A282-4156773D8D2D}.Debug|Any CPU.Build.0 = Debug|Any CPU
		{94A302FC-DCC3-5DFB-A282-4156773D8D2D}.Release|Any CPU.ActiveCfg = Release|Any CPU
		{94A302FC-DCC3-5DFB-A282-4156773D8D2D}.Release|Any CPU.Build.0 = Release|Any CPU
		{9EE67A34-1DD6-F212-F58D-2DD86D2B9246}.Debug|Any CPU.ActiveCfg = Debug|Any CPU
		{9EE67A34-1DD6-F212-F58D-2DD86D2B9246}.Debug|Any CPU.Build.0 = Debug|Any CPU
		{9EE67A34-1DD6-F212-F58D-2DD86D2B9246}.Release|Any CPU.ActiveCfg = Release|Any CPU
		{9EE67A34-1DD6-F212-F58D-2DD86D2B9246}.Release|Any CPU.Build.0 = Release|Any CPU
		{DA28BE87-61BF-64ED-DF3D-A5F5B3F98E44}.Debug|Any CPU.ActiveCfg = Debug|Any CPU
		{DA28BE87-61BF-64ED-DF3D-A5F5B3F98E44}.Debug|Any CPU.Build.0 = Debug|Any CPU
		{DA28BE87-61BF-64ED-DF3D-A5F5B3F98E44}.Release|Any CPU.ActiveCfg = Release|Any CPU
		{DA28BE87-61BF-64ED-DF3D-A5F5B3F98E44}.Release|Any CPU.Build.0 = Release|Any CPU
		{885E56B9-A919-C8A8-023C-B561FC20F8F4}.Debug|Any CPU.ActiveCfg = Debug|Any CPU
		{885E56B9-A919-C8A8-023C-B561FC20F8F4}.Debug|Any CPU.Build.0 = Debug|Any CPU
		{885E56B9-A919-C8A8-023C-B561FC20F8F4}.Release|Any CPU.ActiveCfg = Release|Any CPU
		{885E56B9-A919-C8A8-023C-B561FC20F8F4}.Release|Any CPU.Build.0 = Release|Any CPU
		{D8DE3EF4-7643-6B86-A56C-69A6D9A61960}.Debug|Any CPU.ActiveCfg = Debug|Any CPU
		{D8DE3EF4-7643-6B86-A56C-69A6D9A61960}.Debug|Any CPU.Build.0 = Debug|Any CPU
		{D8DE3EF4-7643-6B86-A56C-69A6D9A61960}.Release|Any CPU.ActiveCfg = Release|Any CPU
		{D8DE3EF4-7643-6B86-A56C-69A6D9A61960}.Release|Any CPU.Build.0 = Release|Any CPU
		{C8662657-6C14-5700-56D1-B8494203E0A5}.Debug|Any CPU.ActiveCfg = Debug|Any CPU
		{C8662657-6C14-5700-56D1-B8494203E0A5}.Debug|Any CPU.Build.0 = Debug|Any CPU
		{C8662657-6C14-5700-56D1-B8494203E0A5}.Release|Any CPU.ActiveCfg = Release|Any CPU
		{C8662657-6C14-5700-56D1-B8494203E0A5}.Release|Any CPU.Build.0 = Release|Any CPU
		{AFC41128-A057-C983-E73F-C5640ACA5690}.Debug|Any CPU.ActiveCfg = Debug|Any CPU
		{AFC41128-A057-C983-E73F-C5640ACA5690}.Debug|Any CPU.Build.0 = Debug|Any CPU
		{AFC41128-A057-C983-E73F-C5640ACA5690}.Release|Any CPU.ActiveCfg = Release|Any CPU
		{AFC41128-A057-C983-E73F-C5640ACA5690}.Release|Any CPU.Build.0 = Release|Any CPU
		{0B16CDD5-26A6-5C61-3C3E-B9F9CC78158C}.Debug|Any CPU.ActiveCfg = Debug|Any CPU
		{0B16CDD5-26A6-5C61-3C3E-B9F9CC78158C}.Debug|Any CPU.Build.0 = Debug|Any CPU
		{0B16CDD5-26A6-5C61-3C3E-B9F9CC78158C}.Release|Any CPU.ActiveCfg = Release|Any CPU
		{0B16CDD5-26A6-5C61-3C3E-B9F9CC78158C}.Release|Any CPU.Build.0 = Release|Any CPU
		{ED6E7292-C751-91E4-1B6D-D9E879175DB4}.Debug|Any CPU.ActiveCfg = Debug|Any CPU
		{ED6E7292-C751-91E4-1B6D-D9E879175DB4}.Debug|Any CPU.Build.0 = Debug|Any CPU
		{ED6E7292-C751-91E4-1B6D-D9E879175DB4}.Release|Any CPU.ActiveCfg = Release|Any CPU
		{ED6E7292-C751-91E4-1B6D-D9E879175DB4}.Release|Any CPU.Build.0 = Release|Any CPU
		{0176E726-13A4-12B9-70B1-754F2D07C09A}.Debug|Any CPU.ActiveCfg = Debug|Any CPU
		{0176E726-13A4-12B9-70B1-754F2D07C09A}.Debug|Any CPU.Build.0 = Debug|Any CPU
		{0176E726-13A4-12B9-70B1-754F2D07C09A}.Release|Any CPU.ActiveCfg = Release|Any CPU
		{0176E726-13A4-12B9-70B1-754F2D07C09A}.Release|Any CPU.Build.0 = Release|Any CPU
		{226B19A5-5364-6A17-12E7-C99BBAB6B704}.Debug|Any CPU.ActiveCfg = Debug|Any CPU
		{226B19A5-5364-6A17-12E7-C99BBAB6B704}.Debug|Any CPU.Build.0 = Debug|Any CPU
		{226B19A5-5364-6A17-12E7-C99BBAB6B704}.Release|Any CPU.ActiveCfg = Release|Any CPU
		{226B19A5-5364-6A17-12E7-C99BBAB6B704}.Release|Any CPU.Build.0 = Release|Any CPU
		{E0171378-A536-5859-F72B-FE5524EEC5BB}.Debug|Any CPU.ActiveCfg = Debug|Any CPU
		{E0171378-A536-5859-F72B-FE5524EEC5BB}.Debug|Any CPU.Build.0 = Debug|Any CPU
		{E0171378-A536-5859-F72B-FE5524EEC5BB}.Release|Any CPU.ActiveCfg = Release|Any CPU
		{E0171378-A536-5859-F72B-FE5524EEC5BB}.Release|Any CPU.Build.0 = Release|Any CPU
		{19C72625-1131-DA35-F9D7-0AC34D11EDF8}.Debug|Any CPU.ActiveCfg = Debug|Any CPU
		{19C72625-1131-DA35-F9D7-0AC34D11EDF8}.Debug|Any CPU.Build.0 = Debug|Any CPU
		{19C72625-1131-DA35-F9D7-0AC34D11EDF8}.Release|Any CPU.ActiveCfg = Release|Any CPU
		{19C72625-1131-DA35-F9D7-0AC34D11EDF8}.Release|Any CPU.Build.0 = Release|Any CPU
		{3EDF976E-26C1-5288-1D3A-BDFB6F1085C8}.Debug|Any CPU.ActiveCfg = Debug|Any CPU
		{3EDF976E-26C1-5288-1D3A-BDFB6F1085C8}.Debug|Any CPU.Build.0 = Debug|Any CPU
		{3EDF976E-26C1-5288-1D3A-BDFB6F1085C8}.Release|Any CPU.ActiveCfg = Release|Any CPU
		{3EDF976E-26C1-5288-1D3A-BDFB6F1085C8}.Release|Any CPU.Build.0 = Release|Any CPU
		{22EAC26C-2B33-E497-6998-FA68FB4E8322}.Debug|Any CPU.ActiveCfg = Debug|Any CPU
		{22EAC26C-2B33-E497-6998-FA68FB4E8322}.Debug|Any CPU.Build.0 = Debug|Any CPU
		{22EAC26C-2B33-E497-6998-FA68FB4E8322}.Release|Any CPU.ActiveCfg = Release|Any CPU
		{22EAC26C-2B33-E497-6998-FA68FB4E8322}.Release|Any CPU.Build.0 = Release|Any CPU
		{687E3F98-EDF5-3016-71EA-C92558E2E595}.Debug|Any CPU.ActiveCfg = Debug|Any CPU
		{687E3F98-EDF5-3016-71EA-C92558E2E595}.Debug|Any CPU.Build.0 = Debug|Any CPU
		{687E3F98-EDF5-3016-71EA-C92558E2E595}.Release|Any CPU.ActiveCfg = Release|Any CPU
		{687E3F98-EDF5-3016-71EA-C92558E2E595}.Release|Any CPU.Build.0 = Release|Any CPU
		{943E44A2-5826-FC4B-DC40-25780D148470}.Debug|Any CPU.ActiveCfg = Debug|Any CPU
		{943E44A2-5826-FC4B-DC40-25780D148470}.Debug|Any CPU.Build.0 = Debug|Any CPU
		{943E44A2-5826-FC4B-DC40-25780D148470}.Release|Any CPU.ActiveCfg = Release|Any CPU
		{943E44A2-5826-FC4B-DC40-25780D148470}.Release|Any CPU.Build.0 = Release|Any CPU
		{2576327C-A035-088F-AC58-02B62260FB2E}.Debug|Any CPU.ActiveCfg = Debug|Any CPU
		{2576327C-A035-088F-AC58-02B62260FB2E}.Debug|Any CPU.Build.0 = Debug|Any CPU
		{2576327C-A035-088F-AC58-02B62260FB2E}.Release|Any CPU.ActiveCfg = Release|Any CPU
		{2576327C-A035-088F-AC58-02B62260FB2E}.Release|Any CPU.Build.0 = Release|Any CPU
		{8E18A047-7DC5-E955-A454-7A4B26E4AB70}.Debug|Any CPU.ActiveCfg = Debug|Any CPU
		{8E18A047-7DC5-E955-A454-7A4B26E4AB70}.Debug|Any CPU.Build.0 = Debug|Any CPU
		{8E18A047-7DC5-E955-A454-7A4B26E4AB70}.Release|Any CPU.ActiveCfg = Release|Any CPU
		{8E18A047-7DC5-E955-A454-7A4B26E4AB70}.Release|Any CPU.Build.0 = Release|Any CPU
		{3BA319C9-3BC5-373A-14E8-A65F5BD8D88F}.Debug|Any CPU.ActiveCfg = Debug|Any CPU
		{3BA319C9-3BC5-373A-14E8-A65F5BD8D88F}.Debug|Any CPU.Build.0 = Debug|Any CPU
		{3BA319C9-3BC5-373A-14E8-A65F5BD8D88F}.Release|Any CPU.ActiveCfg = Release|Any CPU
		{3BA319C9-3BC5-373A-14E8-A65F5BD8D88F}.Release|Any CPU.Build.0 = Release|Any CPU
		{6C4640D5-BAC8-43FC-FE33-61F636AA743B}.Debug|Any CPU.ActiveCfg = Debug|Any CPU
		{6C4640D5-BAC8-43FC-FE33-61F636AA743B}.Debug|Any CPU.Build.0 = Debug|Any CPU
		{6C4640D5-BAC8-43FC-FE33-61F636AA743B}.Release|Any CPU.ActiveCfg = Release|Any CPU
		{6C4640D5-BAC8-43FC-FE33-61F636AA743B}.Release|Any CPU.Build.0 = Release|Any CPU
		{BD326733-2BF2-8080-F79D-EC0AB16F7E16}.Debug|Any CPU.ActiveCfg = Debug|Any CPU
		{BD326733-2BF2-8080-F79D-EC0AB16F7E16}.Debug|Any CPU.Build.0 = Debug|Any CPU
		{BD326733-2BF2-8080-F79D-EC0AB16F7E16}.Release|Any CPU.ActiveCfg = Release|Any CPU
		{BD326733-2BF2-8080-F79D-EC0AB16F7E16}.Release|Any CPU.Build.0 = Release|Any CPU
		{B5469C77-9638-AADF-2744-75188DC403D9}.Debug|Any CPU.ActiveCfg = Debug|Any CPU
		{B5469C77-9638-AADF-2744-75188DC403D9}.Debug|Any CPU.Build.0 = Debug|Any CPU
		{B5469C77-9638-AADF-2744-75188DC403D9}.Release|Any CPU.ActiveCfg = Release|Any CPU
		{B5469C77-9638-AADF-2744-75188DC403D9}.Release|Any CPU.Build.0 = Release|Any CPU
		{FA9C65E9-823F-53E3-44EB-7DF8A1FF9AF0}.Debug|Any CPU.ActiveCfg = Debug|Any CPU
		{FA9C65E9-823F-53E3-44EB-7DF8A1FF9AF0}.Debug|Any CPU.Build.0 = Debug|Any CPU
		{FA9C65E9-823F-53E3-44EB-7DF8A1FF9AF0}.Release|Any CPU.ActiveCfg = Release|Any CPU
		{FA9C65E9-823F-53E3-44EB-7DF8A1FF9AF0}.Release|Any CPU.Build.0 = Release|Any CPU
		{28AFE019-DC57-DF58-8474-0CE776C45268}.Debug|Any CPU.ActiveCfg = Debug|Any CPU
		{28AFE019-DC57-DF58-8474-0CE776C45268}.Debug|Any CPU.Build.0 = Debug|Any CPU
		{28AFE019-DC57-DF58-8474-0CE776C45268}.Release|Any CPU.ActiveCfg = Release|Any CPU
		{28AFE019-DC57-DF58-8474-0CE776C45268}.Release|Any CPU.Build.0 = Release|Any CPU
		{FABAD25A-365B-2EC7-79B5-7D9DC5595327}.Debug|Any CPU.ActiveCfg = Debug|Any CPU
		{FABAD25A-365B-2EC7-79B5-7D9DC5595327}.Debug|Any CPU.Build.0 = Debug|Any CPU
		{FABAD25A-365B-2EC7-79B5-7D9DC5595327}.Release|Any CPU.ActiveCfg = Release|Any CPU
		{FABAD25A-365B-2EC7-79B5-7D9DC5595327}.Release|Any CPU.Build.0 = Release|Any CPU
		{F543AFAB-EB69-7A8D-5DD0-85DFA64F579A}.Debug|Any CPU.ActiveCfg = Debug|Any CPU
		{F543AFAB-EB69-7A8D-5DD0-85DFA64F579A}.Debug|Any CPU.Build.0 = Debug|Any CPU
		{F543AFAB-EB69-7A8D-5DD0-85DFA64F579A}.Release|Any CPU.ActiveCfg = Release|Any CPU
		{F543AFAB-EB69-7A8D-5DD0-85DFA64F579A}.Release|Any CPU.Build.0 = Release|Any CPU
		{CC30DF01-C8CE-89F4-4F2A-F171DF11CFC1}.Debug|Any CPU.ActiveCfg = Debug|Any CPU
		{CC30DF01-C8CE-89F4-4F2A-F171DF11CFC1}.Debug|Any CPU.Build.0 = Debug|Any CPU
		{CC30DF01-C8CE-89F4-4F2A-F171DF11CFC1}.Release|Any CPU.ActiveCfg = Release|Any CPU
		{CC30DF01-C8CE-89F4-4F2A-F171DF11CFC1}.Release|Any CPU.Build.0 = Release|Any CPU
		{FCD7FFEB-75D5-7822-F633-D911EAE5AE7F}.Debug|Any CPU.ActiveCfg = Debug|Any CPU
		{FCD7FFEB-75D5-7822-F633-D911EAE5AE7F}.Debug|Any CPU.Build.0 = Debug|Any CPU
		{FCD7FFEB-75D5-7822-F633-D911EAE5AE7F}.Release|Any CPU.ActiveCfg = Release|Any CPU
		{FCD7FFEB-75D5-7822-F633-D911EAE5AE7F}.Release|Any CPU.Build.0 = Release|Any CPU
		{9A0BE64C-A6E3-7D35-EF98-124B2D55C065}.Debug|Any CPU.ActiveCfg = Debug|Any CPU
		{9A0BE64C-A6E3-7D35-EF98-124B2D55C065}.Debug|Any CPU.Build.0 = Debug|Any CPU
		{9A0BE64C-A6E3-7D35-EF98-124B2D55C065}.Release|Any CPU.ActiveCfg = Release|Any CPU
		{9A0BE64C-A6E3-7D35-EF98-124B2D55C065}.Release|Any CPU.Build.0 = Release|Any CPU
		{81F89B6F-0ED9-F98A-0061-E2C5ED06F574}.Debug|Any CPU.ActiveCfg = Debug|Any CPU
		{81F89B6F-0ED9-F98A-0061-E2C5ED06F574}.Debug|Any CPU.Build.0 = Debug|Any CPU
		{81F89B6F-0ED9-F98A-0061-E2C5ED06F574}.Release|Any CPU.ActiveCfg = Release|Any CPU
		{81F89B6F-0ED9-F98A-0061-E2C5ED06F574}.Release|Any CPU.Build.0 = Release|Any CPU
		{1791A9EE-8A58-6745-AF4F-E57A48C4CE68}.Debug|Any CPU.ActiveCfg = Debug|Any CPU
		{1791A9EE-8A58-6745-AF4F-E57A48C4CE68}.Debug|Any CPU.Build.0 = Debug|Any CPU
		{1791A9EE-8A58-6745-AF4F-E57A48C4CE68}.Release|Any CPU.ActiveCfg = Release|Any CPU
		{1791A9EE-8A58-6745-AF4F-E57A48C4CE68}.Release|Any CPU.Build.0 = Release|Any CPU
		{07D4191D-592D-7DD6-4796-E48D37A1ECD7}.Debug|Any CPU.ActiveCfg = Debug|Any CPU
		{07D4191D-592D-7DD6-4796-E48D37A1ECD7}.Debug|Any CPU.Build.0 = Debug|Any CPU
		{07D4191D-592D-7DD6-4796-E48D37A1ECD7}.Release|Any CPU.ActiveCfg = Release|Any CPU
		{07D4191D-592D-7DD6-4796-E48D37A1ECD7}.Release|Any CPU.Build.0 = Release|Any CPU
		{B4E65662-C914-EFBC-CCB2-128F9F95AFD5}.Debug|Any CPU.ActiveCfg = Debug|Any CPU
		{B4E65662-C914-EFBC-CCB2-128F9F95AFD5}.Debug|Any CPU.Build.0 = Debug|Any CPU
		{B4E65662-C914-EFBC-CCB2-128F9F95AFD5}.Release|Any CPU.ActiveCfg = Release|Any CPU
		{B4E65662-C914-EFBC-CCB2-128F9F95AFD5}.Release|Any CPU.Build.0 = Release|Any CPU
		{D2057D65-BEF9-68B2-7145-533FB9AC0AE9}.Debug|Any CPU.ActiveCfg = Debug|Any CPU
		{D2057D65-BEF9-68B2-7145-533FB9AC0AE9}.Debug|Any CPU.Build.0 = Debug|Any CPU
		{D2057D65-BEF9-68B2-7145-533FB9AC0AE9}.Release|Any CPU.ActiveCfg = Release|Any CPU
		{D2057D65-BEF9-68B2-7145-533FB9AC0AE9}.Release|Any CPU.Build.0 = Release|Any CPU
		{9A306088-3435-2946-8A20-D9FE9A2BAE0E}.Debug|Any CPU.ActiveCfg = Debug|Any CPU
		{9A306088-3435-2946-8A20-D9FE9A2BAE0E}.Debug|Any CPU.Build.0 = Debug|Any CPU
		{9A306088-3435-2946-8A20-D9FE9A2BAE0E}.Release|Any CPU.ActiveCfg = Release|Any CPU
		{9A306088-3435-2946-8A20-D9FE9A2BAE0E}.Release|Any CPU.Build.0 = Release|Any CPU
		{5740C9E3-FDE4-E93E-BA2B-A848F740FEE1}.Debug|Any CPU.ActiveCfg = Debug|Any CPU
		{5740C9E3-FDE4-E93E-BA2B-A848F740FEE1}.Debug|Any CPU.Build.0 = Debug|Any CPU
		{5740C9E3-FDE4-E93E-BA2B-A848F740FEE1}.Release|Any CPU.ActiveCfg = Release|Any CPU
		{5740C9E3-FDE4-E93E-BA2B-A848F740FEE1}.Release|Any CPU.Build.0 = Release|Any CPU
		{88F902F6-9A89-83E1-5BE9-AD5CA02C017C}.Debug|Any CPU.ActiveCfg = Debug|Any CPU
		{88F902F6-9A89-83E1-5BE9-AD5CA02C017C}.Debug|Any CPU.Build.0 = Debug|Any CPU
		{88F902F6-9A89-83E1-5BE9-AD5CA02C017C}.Release|Any CPU.ActiveCfg = Release|Any CPU
		{88F902F6-9A89-83E1-5BE9-AD5CA02C017C}.Release|Any CPU.Build.0 = Release|Any CPU
		{938ADD59-D528-364E-61B9-170D2D12AAFB}.Debug|Any CPU.ActiveCfg = Debug|Any CPU
		{938ADD59-D528-364E-61B9-170D2D12AAFB}.Debug|Any CPU.Build.0 = Debug|Any CPU
		{938ADD59-D528-364E-61B9-170D2D12AAFB}.Release|Any CPU.ActiveCfg = Release|Any CPU
		{938ADD59-D528-364E-61B9-170D2D12AAFB}.Release|Any CPU.Build.0 = Release|Any CPU
		{2D7E95AF-9999-8836-28E2-BB18B151E2DB}.Debug|Any CPU.ActiveCfg = Debug|Any CPU
		{2D7E95AF-9999-8836-28E2-BB18B151E2DB}.Debug|Any CPU.Build.0 = Debug|Any CPU
		{2D7E95AF-9999-8836-28E2-BB18B151E2DB}.Release|Any CPU.ActiveCfg = Release|Any CPU
		{2D7E95AF-9999-8836-28E2-BB18B151E2DB}.Release|Any CPU.Build.0 = Release|Any CPU
		{959BAA84-F8CF-102F-BDF5-0BCB10DFCE3C}.Debug|Any CPU.ActiveCfg = Debug|Any CPU
		{959BAA84-F8CF-102F-BDF5-0BCB10DFCE3C}.Debug|Any CPU.Build.0 = Debug|Any CPU
		{959BAA84-F8CF-102F-BDF5-0BCB10DFCE3C}.Release|Any CPU.ActiveCfg = Release|Any CPU
		{959BAA84-F8CF-102F-BDF5-0BCB10DFCE3C}.Release|Any CPU.Build.0 = Release|Any CPU
		{D581F22D-F412-C532-A6D0-A164ADDA3DD1}.Debug|Any CPU.ActiveCfg = Debug|Any CPU
		{D581F22D-F412-C532-A6D0-A164ADDA3DD1}.Debug|Any CPU.Build.0 = Debug|Any CPU
		{D581F22D-F412-C532-A6D0-A164ADDA3DD1}.Release|Any CPU.ActiveCfg = Release|Any CPU
		{D581F22D-F412-C532-A6D0-A164ADDA3DD1}.Release|Any CPU.Build.0 = Release|Any CPU
		{185539A9-E3B3-FE27-DEA5-8F2051273E39}.Debug|Any CPU.ActiveCfg = Debug|Any CPU
		{185539A9-E3B3-FE27-DEA5-8F2051273E39}.Debug|Any CPU.Build.0 = Debug|Any CPU
		{185539A9-E3B3-FE27-DEA5-8F2051273E39}.Release|Any CPU.ActiveCfg = Release|Any CPU
		{185539A9-E3B3-FE27-DEA5-8F2051273E39}.Release|Any CPU.Build.0 = Release|Any CPU
		{FA0E2498-3C7F-58DC-E7E5-B006519788F1}.Debug|Any CPU.ActiveCfg = Debug|Any CPU
		{FA0E2498-3C7F-58DC-E7E5-B006519788F1}.Debug|Any CPU.Build.0 = Debug|Any CPU
		{FA0E2498-3C7F-58DC-E7E5-B006519788F1}.Release|Any CPU.ActiveCfg = Release|Any CPU
		{FA0E2498-3C7F-58DC-E7E5-B006519788F1}.Release|Any CPU.Build.0 = Release|Any CPU
		{F8D29D8F-CDD4-9B53-8F6E-79F725AFABB7}.Debug|Any CPU.ActiveCfg = Debug|Any CPU
		{F8D29D8F-CDD4-9B53-8F6E-79F725AFABB7}.Debug|Any CPU.Build.0 = Debug|Any CPU
		{F8D29D8F-CDD4-9B53-8F6E-79F725AFABB7}.Release|Any CPU.ActiveCfg = Release|Any CPU
		{F8D29D8F-CDD4-9B53-8F6E-79F725AFABB7}.Release|Any CPU.Build.0 = Release|Any CPU
		{7673BBAF-78B1-6154-DD57-CC610C801DA8}.Debug|Any CPU.ActiveCfg = Debug|Any CPU
		{7673BBAF-78B1-6154-DD57-CC610C801DA8}.Debug|Any CPU.Build.0 = Debug|Any CPU
		{7673BBAF-78B1-6154-DD57-CC610C801DA8}.Release|Any CPU.ActiveCfg = Release|Any CPU
		{7673BBAF-78B1-6154-DD57-CC610C801DA8}.Release|Any CPU.Build.0 = Release|Any CPU
		{E8860015-D351-F3B8-6F52-C2EE2CA15E00}.Debug|Any CPU.ActiveCfg = Debug|Any CPU
		{E8860015-D351-F3B8-6F52-C2EE2CA15E00}.Debug|Any CPU.Build.0 = Debug|Any CPU
		{E8860015-D351-F3B8-6F52-C2EE2CA15E00}.Release|Any CPU.ActiveCfg = Release|Any CPU
		{E8860015-D351-F3B8-6F52-C2EE2CA15E00}.Release|Any CPU.Build.0 = Release|Any CPU
		{BE4F2695-397A-DAE1-5930-2B31446F228B}.Debug|Any CPU.ActiveCfg = Debug|Any CPU
		{BE4F2695-397A-DAE1-5930-2B31446F228B}.Debug|Any CPU.Build.0 = Debug|Any CPU
		{BE4F2695-397A-DAE1-5930-2B31446F228B}.Release|Any CPU.ActiveCfg = Release|Any CPU
		{BE4F2695-397A-DAE1-5930-2B31446F228B}.Release|Any CPU.Build.0 = Release|Any CPU
		{6181D669-4A12-E149-C549-8A01E4B1F4EE}.Debug|Any CPU.ActiveCfg = Debug|Any CPU
		{6181D669-4A12-E149-C549-8A01E4B1F4EE}.Debug|Any CPU.Build.0 = Debug|Any CPU
		{6181D669-4A12-E149-C549-8A01E4B1F4EE}.Release|Any CPU.ActiveCfg = Release|Any CPU
		{6181D669-4A12-E149-C549-8A01E4B1F4EE}.Release|Any CPU.Build.0 = Release|Any CPU
		{1F2B87F8-9666-27CA-7429-94EB12EE600F}.Debug|Any CPU.ActiveCfg = Debug|Any CPU
		{1F2B87F8-9666-27CA-7429-94EB12EE600F}.Debug|Any CPU.Build.0 = Debug|Any CPU
		{1F2B87F8-9666-27CA-7429-94EB12EE600F}.Release|Any CPU.ActiveCfg = Release|Any CPU
		{1F2B87F8-9666-27CA-7429-94EB12EE600F}.Release|Any CPU.Build.0 = Release|Any CPU
		{1DEE791F-5124-D59E-C8CB-DD7B10D0C4A7}.Debug|Any CPU.ActiveCfg = Debug|Any CPU
		{1DEE791F-5124-D59E-C8CB-DD7B10D0C4A7}.Debug|Any CPU.Build.0 = Debug|Any CPU
		{1DEE791F-5124-D59E-C8CB-DD7B10D0C4A7}.Release|Any CPU.ActiveCfg = Release|Any CPU
		{1DEE791F-5124-D59E-C8CB-DD7B10D0C4A7}.Release|Any CPU.Build.0 = Release|Any CPU
		{D2DD24F9-339E-539B-0383-04B60E4FD63D}.Debug|Any CPU.ActiveCfg = Debug|Any CPU
		{D2DD24F9-339E-539B-0383-04B60E4FD63D}.Debug|Any CPU.Build.0 = Debug|Any CPU
		{D2DD24F9-339E-539B-0383-04B60E4FD63D}.Release|Any CPU.ActiveCfg = Release|Any CPU
		{D2DD24F9-339E-539B-0383-04B60E4FD63D}.Release|Any CPU.Build.0 = Release|Any CPU
		{2D64860C-A76F-5B2F-14CA-63DFB038ED60}.Debug|Any CPU.ActiveCfg = Debug|Any CPU
		{2D64860C-A76F-5B2F-14CA-63DFB038ED60}.Debug|Any CPU.Build.0 = Debug|Any CPU
		{2D64860C-A76F-5B2F-14CA-63DFB038ED60}.Release|Any CPU.ActiveCfg = Release|Any CPU
		{2D64860C-A76F-5B2F-14CA-63DFB038ED60}.Release|Any CPU.Build.0 = Release|Any CPU
		{4FF845C8-100E-32E3-F2B2-20ABFEB969F0}.Debug|Any CPU.ActiveCfg = Debug|Any CPU
		{4FF845C8-100E-32E3-F2B2-20ABFEB969F0}.Debug|Any CPU.Build.0 = Debug|Any CPU
		{4FF845C8-100E-32E3-F2B2-20ABFEB969F0}.Release|Any CPU.ActiveCfg = Release|Any CPU
		{4FF845C8-100E-32E3-F2B2-20ABFEB969F0}.Release|Any CPU.Build.0 = Release|Any CPU
		{D99D5B93-57D4-B066-9285-44E9B4DCF819}.Debug|Any CPU.ActiveCfg = Debug|Any CPU
		{D99D5B93-57D4-B066-9285-44E9B4DCF819}.Debug|Any CPU.Build.0 = Debug|Any CPU
		{D99D5B93-57D4-B066-9285-44E9B4DCF819}.Release|Any CPU.ActiveCfg = Release|Any CPU
		{D99D5B93-57D4-B066-9285-44E9B4DCF819}.Release|Any CPU.Build.0 = Release|Any CPU
		{383CD4ED-5395-DFFF-92E9-166661A4F213}.Debug|Any CPU.ActiveCfg = Debug|Any CPU
		{383CD4ED-5395-DFFF-92E9-166661A4F213}.Debug|Any CPU.Build.0 = Debug|Any CPU
		{383CD4ED-5395-DFFF-92E9-166661A4F213}.Release|Any CPU.ActiveCfg = Release|Any CPU
		{383CD4ED-5395-DFFF-92E9-166661A4F213}.Release|Any CPU.Build.0 = Release|Any CPU
		{509721FD-3BA3-CD2C-F230-58B920F94509}.Debug|Any CPU.ActiveCfg = Debug|Any CPU
		{509721FD-3BA3-CD2C-F230-58B920F94509}.Debug|Any CPU.Build.0 = Debug|Any CPU
		{509721FD-3BA3-CD2C-F230-58B920F94509}.Release|Any CPU.ActiveCfg = Release|Any CPU
		{509721FD-3BA3-CD2C-F230-58B920F94509}.Release|Any CPU.Build.0 = Release|Any CPU
		{94CBC4B4-8F01-A380-50D3-9719351DE0B0}.Debug|Any CPU.ActiveCfg = Debug|Any CPU
		{94CBC4B4-8F01-A380-50D3-9719351DE0B0}.Debug|Any CPU.Build.0 = Debug|Any CPU
		{94CBC4B4-8F01-A380-50D3-9719351DE0B0}.Release|Any CPU.ActiveCfg = Release|Any CPU
		{94CBC4B4-8F01-A380-50D3-9719351DE0B0}.Release|Any CPU.Build.0 = Release|Any CPU
		{660FD1B3-4B42-57D3-2BAC-D64AB4C4C16C}.Debug|Any CPU.ActiveCfg = Debug|Any CPU
		{660FD1B3-4B42-57D3-2BAC-D64AB4C4C16C}.Debug|Any CPU.Build.0 = Debug|Any CPU
		{660FD1B3-4B42-57D3-2BAC-D64AB4C4C16C}.Release|Any CPU.ActiveCfg = Release|Any CPU
		{660FD1B3-4B42-57D3-2BAC-D64AB4C4C16C}.Release|Any CPU.Build.0 = Release|Any CPU
		{57FB11F2-4FC0-4222-30D1-698EACD9F2F1}.Debug|Any CPU.ActiveCfg = Debug|Any CPU
		{57FB11F2-4FC0-4222-30D1-698EACD9F2F1}.Debug|Any CPU.Build.0 = Debug|Any CPU
		{57FB11F2-4FC0-4222-30D1-698EACD9F2F1}.Release|Any CPU.ActiveCfg = Release|Any CPU
		{57FB11F2-4FC0-4222-30D1-698EACD9F2F1}.Release|Any CPU.Build.0 = Release|Any CPU
		{195A2E52-7ECC-3BEC-5CBD-835DCC243DD4}.Debug|Any CPU.ActiveCfg = Debug|Any CPU
		{195A2E52-7ECC-3BEC-5CBD-835DCC243DD4}.Debug|Any CPU.Build.0 = Debug|Any CPU
		{195A2E52-7ECC-3BEC-5CBD-835DCC243DD4}.Release|Any CPU.ActiveCfg = Release|Any CPU
		{195A2E52-7ECC-3BEC-5CBD-835DCC243DD4}.Release|Any CPU.Build.0 = Release|Any CPU
		{2257F079-B99D-7F64-5241-1CF92E2DA62A}.Debug|Any CPU.ActiveCfg = Debug|Any CPU
		{2257F079-B99D-7F64-5241-1CF92E2DA62A}.Debug|Any CPU.Build.0 = Debug|Any CPU
		{2257F079-B99D-7F64-5241-1CF92E2DA62A}.Release|Any CPU.ActiveCfg = Release|Any CPU
		{2257F079-B99D-7F64-5241-1CF92E2DA62A}.Release|Any CPU.Build.0 = Release|Any CPU
		{40F2DBA5-9441-D159-702C-22E4CFC4D6C8}.Debug|Any CPU.ActiveCfg = Debug|Any CPU
		{40F2DBA5-9441-D159-702C-22E4CFC4D6C8}.Debug|Any CPU.Build.0 = Debug|Any CPU
		{40F2DBA5-9441-D159-702C-22E4CFC4D6C8}.Release|Any CPU.ActiveCfg = Release|Any CPU
		{40F2DBA5-9441-D159-702C-22E4CFC4D6C8}.Release|Any CPU.Build.0 = Release|Any CPU
		{A434B5DF-8CBD-631E-426F-4CB1046BBDAE}.Debug|Any CPU.ActiveCfg = Debug|Any CPU
		{A434B5DF-8CBD-631E-426F-4CB1046BBDAE}.Debug|Any CPU.Build.0 = Debug|Any CPU
		{A434B5DF-8CBD-631E-426F-4CB1046BBDAE}.Release|Any CPU.ActiveCfg = Release|Any CPU
		{A434B5DF-8CBD-631E-426F-4CB1046BBDAE}.Release|Any CPU.Build.0 = Release|Any CPU
		{84A5747E-877E-9932-B73E-E1743C821488}.Debug|Any CPU.ActiveCfg = Debug|Any CPU
		{84A5747E-877E-9932-B73E-E1743C821488}.Debug|Any CPU.Build.0 = Debug|Any CPU
		{84A5747E-877E-9932-B73E-E1743C821488}.Release|Any CPU.ActiveCfg = Release|Any CPU
		{84A5747E-877E-9932-B73E-E1743C821488}.Release|Any CPU.Build.0 = Release|Any CPU
		{39206057-A89E-064F-205E-B8B834088621}.Debug|Any CPU.ActiveCfg = Debug|Any CPU
		{39206057-A89E-064F-205E-B8B834088621}.Debug|Any CPU.Build.0 = Debug|Any CPU
		{39206057-A89E-064F-205E-B8B834088621}.Release|Any CPU.ActiveCfg = Release|Any CPU
		{39206057-A89E-064F-205E-B8B834088621}.Release|Any CPU.Build.0 = Release|Any CPU
		{2820EA90-3B4F-307C-04A0-88CB460E6E58}.Debug|Any CPU.ActiveCfg = Debug|Any CPU
		{2820EA90-3B4F-307C-04A0-88CB460E6E58}.Debug|Any CPU.Build.0 = Debug|Any CPU
		{2820EA90-3B4F-307C-04A0-88CB460E6E58}.Release|Any CPU.ActiveCfg = Release|Any CPU
		{2820EA90-3B4F-307C-04A0-88CB460E6E58}.Release|Any CPU.Build.0 = Release|Any CPU
		{67956E25-8F57-53B0-F9E6-BE79BF83D969}.Debug|Any CPU.ActiveCfg = Debug|Any CPU
		{67956E25-8F57-53B0-F9E6-BE79BF83D969}.Debug|Any CPU.Build.0 = Debug|Any CPU
		{67956E25-8F57-53B0-F9E6-BE79BF83D969}.Release|Any CPU.ActiveCfg = Release|Any CPU
		{67956E25-8F57-53B0-F9E6-BE79BF83D969}.Release|Any CPU.Build.0 = Release|Any CPU
		{C97F048B-D235-25D6-D2A5-1D2E3AD1A684}.Debug|Any CPU.ActiveCfg = Debug|Any CPU
		{C97F048B-D235-25D6-D2A5-1D2E3AD1A684}.Debug|Any CPU.Build.0 = Debug|Any CPU
		{C97F048B-D235-25D6-D2A5-1D2E3AD1A684}.Release|Any CPU.ActiveCfg = Release|Any CPU
		{C97F048B-D235-25D6-D2A5-1D2E3AD1A684}.Release|Any CPU.Build.0 = Release|Any CPU
		{30A7BC8E-9431-8A1D-7504-1E93A475CCE6}.Debug|Any CPU.ActiveCfg = Debug|Any CPU
		{30A7BC8E-9431-8A1D-7504-1E93A475CCE6}.Debug|Any CPU.Build.0 = Debug|Any CPU
		{30A7BC8E-9431-8A1D-7504-1E93A475CCE6}.Release|Any CPU.ActiveCfg = Release|Any CPU
		{30A7BC8E-9431-8A1D-7504-1E93A475CCE6}.Release|Any CPU.Build.0 = Release|Any CPU
		{6D7EBAA2-514C-DAE5-4612-919867A8F099}.Debug|Any CPU.ActiveCfg = Debug|Any CPU
		{6D7EBAA2-514C-DAE5-4612-919867A8F099}.Debug|Any CPU.Build.0 = Debug|Any CPU
		{6D7EBAA2-514C-DAE5-4612-919867A8F099}.Release|Any CPU.ActiveCfg = Release|Any CPU
		{6D7EBAA2-514C-DAE5-4612-919867A8F099}.Release|Any CPU.Build.0 = Release|Any CPU
		{98487CD1-7A19-60B5-64A8-4D39FC609D55}.Debug|Any CPU.ActiveCfg = Debug|Any CPU
		{98487CD1-7A19-60B5-64A8-4D39FC609D55}.Debug|Any CPU.Build.0 = Debug|Any CPU
		{98487CD1-7A19-60B5-64A8-4D39FC609D55}.Release|Any CPU.ActiveCfg = Release|Any CPU
		{98487CD1-7A19-60B5-64A8-4D39FC609D55}.Release|Any CPU.Build.0 = Release|Any CPU
		{A58A383C-C985-E0FD-6713-60D88F154E9E}.Debug|Any CPU.ActiveCfg = Debug|Any CPU
		{A58A383C-C985-E0FD-6713-60D88F154E9E}.Debug|Any CPU.Build.0 = Debug|Any CPU
		{A58A383C-C985-E0FD-6713-60D88F154E9E}.Release|Any CPU.ActiveCfg = Release|Any CPU
		{A58A383C-C985-E0FD-6713-60D88F154E9E}.Release|Any CPU.Build.0 = Release|Any CPU
		{04CF42E1-23F5-43D7-3207-9509955E4E05}.Debug|Any CPU.ActiveCfg = Debug|Any CPU
		{04CF42E1-23F5-43D7-3207-9509955E4E05}.Debug|Any CPU.Build.0 = Debug|Any CPU
		{04CF42E1-23F5-43D7-3207-9509955E4E05}.Release|Any CPU.ActiveCfg = Release|Any CPU
		{04CF42E1-23F5-43D7-3207-9509955E4E05}.Release|Any CPU.Build.0 = Release|Any CPU
		{3A7AE969-D63A-9FF0-36F5-590CF2D58E8F}.Debug|Any CPU.ActiveCfg = Debug|Any CPU
		{3A7AE969-D63A-9FF0-36F5-590CF2D58E8F}.Debug|Any CPU.Build.0 = Debug|Any CPU
		{3A7AE969-D63A-9FF0-36F5-590CF2D58E8F}.Release|Any CPU.ActiveCfg = Release|Any CPU
		{3A7AE969-D63A-9FF0-36F5-590CF2D58E8F}.Release|Any CPU.Build.0 = Release|Any CPU
		{92A772D2-B1C5-4DD1-6F4B-D24B6F75CAD9}.Debug|Any CPU.ActiveCfg = Debug|Any CPU
		{92A772D2-B1C5-4DD1-6F4B-D24B6F75CAD9}.Debug|Any CPU.Build.0 = Debug|Any CPU
		{92A772D2-B1C5-4DD1-6F4B-D24B6F75CAD9}.Release|Any CPU.ActiveCfg = Release|Any CPU
		{92A772D2-B1C5-4DD1-6F4B-D24B6F75CAD9}.Release|Any CPU.Build.0 = Release|Any CPU
		{88106256-405D-E204-7BA9-9DEECE4BD041}.Debug|Any CPU.ActiveCfg = Debug|Any CPU
		{88106256-405D-E204-7BA9-9DEECE4BD041}.Debug|Any CPU.Build.0 = Debug|Any CPU
		{88106256-405D-E204-7BA9-9DEECE4BD041}.Release|Any CPU.ActiveCfg = Release|Any CPU
		{88106256-405D-E204-7BA9-9DEECE4BD041}.Release|Any CPU.Build.0 = Release|Any CPU
		{09B08BF2-107C-8FA8-F305-756DFF87EE1D}.Debug|Any CPU.ActiveCfg = Debug|Any CPU
		{09B08BF2-107C-8FA8-F305-756DFF87EE1D}.Debug|Any CPU.Build.0 = Debug|Any CPU
		{09B08BF2-107C-8FA8-F305-756DFF87EE1D}.Release|Any CPU.ActiveCfg = Release|Any CPU
		{09B08BF2-107C-8FA8-F305-756DFF87EE1D}.Release|Any CPU.Build.0 = Release|Any CPU
		{3A55E76D-D477-44AB-30FA-6C7E34F7977D}.Debug|Any CPU.ActiveCfg = Debug|Any CPU
		{3A55E76D-D477-44AB-30FA-6C7E34F7977D}.Debug|Any CPU.Build.0 = Debug|Any CPU
		{3A55E76D-D477-44AB-30FA-6C7E34F7977D}.Release|Any CPU.ActiveCfg = Release|Any CPU
		{3A55E76D-D477-44AB-30FA-6C7E34F7977D}.Release|Any CPU.Build.0 = Release|Any CPU
		{FDFB7099-9318-BD1D-0B64-20F4B31D497F}.Debug|Any CPU.ActiveCfg = Debug|Any CPU
		{FDFB7099-9318-BD1D-0B64-20F4B31D497F}.Debug|Any CPU.Build.0 = Debug|Any CPU
		{FDFB7099-9318-BD1D-0B64-20F4B31D497F}.Release|Any CPU.ActiveCfg = Release|Any CPU
		{FDFB7099-9318-BD1D-0B64-20F4B31D497F}.Release|Any CPU.Build.0 = Release|Any CPU
		{EDA81C29-372F-C01F-F0D8-E13B21A901CF}.Debug|Any CPU.ActiveCfg = Debug|Any CPU
		{EDA81C29-372F-C01F-F0D8-E13B21A901CF}.Debug|Any CPU.Build.0 = Debug|Any CPU
		{EDA81C29-372F-C01F-F0D8-E13B21A901CF}.Release|Any CPU.ActiveCfg = Release|Any CPU
		{EDA81C29-372F-C01F-F0D8-E13B21A901CF}.Release|Any CPU.Build.0 = Release|Any CPU
		{EF680306-9E3A-772A-5E90-3EFB2DB91E8D}.Debug|Any CPU.ActiveCfg = Debug|Any CPU
		{EF680306-9E3A-772A-5E90-3EFB2DB91E8D}.Debug|Any CPU.Build.0 = Debug|Any CPU
		{EF680306-9E3A-772A-5E90-3EFB2DB91E8D}.Release|Any CPU.ActiveCfg = Release|Any CPU
		{EF680306-9E3A-772A-5E90-3EFB2DB91E8D}.Release|Any CPU.Build.0 = Release|Any CPU
		{4EF5FF94-9C7E-67C3-AEB1-CD4EABDD7E53}.Debug|Any CPU.ActiveCfg = Debug|Any CPU
		{4EF5FF94-9C7E-67C3-AEB1-CD4EABDD7E53}.Debug|Any CPU.Build.0 = Debug|Any CPU
		{4EF5FF94-9C7E-67C3-AEB1-CD4EABDD7E53}.Release|Any CPU.ActiveCfg = Release|Any CPU
		{4EF5FF94-9C7E-67C3-AEB1-CD4EABDD7E53}.Release|Any CPU.Build.0 = Release|Any CPU
		{F952805B-2486-4A08-3F15-BB64A8E5395D}.Debug|Any CPU.ActiveCfg = Debug|Any CPU
		{F952805B-2486-4A08-3F15-BB64A8E5395D}.Debug|Any CPU.Build.0 = Debug|Any CPU
		{F952805B-2486-4A08-3F15-BB64A8E5395D}.Release|Any CPU.ActiveCfg = Release|Any CPU
		{F952805B-2486-4A08-3F15-BB64A8E5395D}.Release|Any CPU.Build.0 = Release|Any CPU
		{B6554399-B03C-5F15-C2C7-57E23A599A67}.Debug|Any CPU.ActiveCfg = Debug|Any CPU
		{B6554399-B03C-5F15-C2C7-57E23A599A67}.Debug|Any CPU.Build.0 = Debug|Any CPU
		{B6554399-B03C-5F15-C2C7-57E23A599A67}.Release|Any CPU.ActiveCfg = Release|Any CPU
		{B6554399-B03C-5F15-C2C7-57E23A599A67}.Release|Any CPU.Build.0 = Release|Any CPU
		{409B6C3F-38CF-9163-40AF-6D5F7808B7DD}.Debug|Any CPU.ActiveCfg = Debug|Any CPU
		{409B6C3F-38CF-9163-40AF-6D5F7808B7DD}.Debug|Any CPU.Build.0 = Debug|Any CPU
		{409B6C3F-38CF-9163-40AF-6D5F7808B7DD}.Release|Any CPU.ActiveCfg = Release|Any CPU
		{409B6C3F-38CF-9163-40AF-6D5F7808B7DD}.Release|Any CPU.Build.0 = Release|Any CPU
		{A5EECA46-CC6F-0521-C999-830C86DD5DE4}.Debug|Any CPU.ActiveCfg = Debug|Any CPU
		{A5EECA46-CC6F-0521-C999-830C86DD5DE4}.Debug|Any CPU.Build.0 = Debug|Any CPU
		{A5EECA46-CC6F-0521-C999-830C86DD5DE4}.Release|Any CPU.ActiveCfg = Release|Any CPU
		{A5EECA46-CC6F-0521-C999-830C86DD5DE4}.Release|Any CPU.Build.0 = Release|Any CPU
		{10D18FD5-4D95-AD11-E4AC-DF2199252216}.Debug|Any CPU.ActiveCfg = Debug|Any CPU
		{10D18FD5-4D95-AD11-E4AC-DF2199252216}.Debug|Any CPU.Build.0 = Debug|Any CPU
		{10D18FD5-4D95-AD11-E4AC-DF2199252216}.Release|Any CPU.ActiveCfg = Release|Any CPU
		{10D18FD5-4D95-AD11-E4AC-DF2199252216}.Release|Any CPU.Build.0 = Release|Any CPU
		{1B1B881E-166F-1C01-B38C-D3586C369D61}.Debug|Any CPU.ActiveCfg = Debug|Any CPU
		{1B1B881E-166F-1C01-B38C-D3586C369D61}.Debug|Any CPU.Build.0 = Debug|Any CPU
		{1B1B881E-166F-1C01-B38C-D3586C369D61}.Release|Any CPU.ActiveCfg = Release|Any CPU
		{1B1B881E-166F-1C01-B38C-D3586C369D61}.Release|Any CPU.Build.0 = Release|Any CPU
		{30409CA3-AA88-F3DD-342C-EA8810F7E6D1}.Debug|Any CPU.ActiveCfg = Debug|Any CPU
		{30409CA3-AA88-F3DD-342C-EA8810F7E6D1}.Debug|Any CPU.Build.0 = Debug|Any CPU
		{30409CA3-AA88-F3DD-342C-EA8810F7E6D1}.Release|Any CPU.ActiveCfg = Release|Any CPU
		{30409CA3-AA88-F3DD-342C-EA8810F7E6D1}.Release|Any CPU.Build.0 = Release|Any CPU
		{3C5FA8C4-F997-E4C7-0C9F-22DA7D62A130}.Debug|Any CPU.ActiveCfg = Debug|Any CPU
		{3C5FA8C4-F997-E4C7-0C9F-22DA7D62A130}.Debug|Any CPU.Build.0 = Debug|Any CPU
		{3C5FA8C4-F997-E4C7-0C9F-22DA7D62A130}.Release|Any CPU.ActiveCfg = Release|Any CPU
		{3C5FA8C4-F997-E4C7-0C9F-22DA7D62A130}.Release|Any CPU.Build.0 = Release|Any CPU
		{0069A2F7-69E7-5B4B-87D6-C7D8D362DB42}.Debug|Any CPU.ActiveCfg = Debug|Any CPU
		{0069A2F7-69E7-5B4B-87D6-C7D8D362DB42}.Debug|Any CPU.Build.0 = Debug|Any CPU
		{0069A2F7-69E7-5B4B-87D6-C7D8D362DB42}.Release|Any CPU.ActiveCfg = Release|Any CPU
		{0069A2F7-69E7-5B4B-87D6-C7D8D362DB42}.Release|Any CPU.Build.0 = Release|Any CPU
		{EBA7B05D-1EA3-5E8F-D3A6-237508533D27}.Debug|Any CPU.ActiveCfg = Debug|Any CPU
		{EBA7B05D-1EA3-5E8F-D3A6-237508533D27}.Debug|Any CPU.Build.0 = Debug|Any CPU
		{EBA7B05D-1EA3-5E8F-D3A6-237508533D27}.Release|Any CPU.ActiveCfg = Release|Any CPU
		{EBA7B05D-1EA3-5E8F-D3A6-237508533D27}.Release|Any CPU.Build.0 = Release|Any CPU
		{F2BAAF51-474B-EDF4-5D89-91C7A099998D}.Debug|Any CPU.ActiveCfg = Debug|Any CPU
		{F2BAAF51-474B-EDF4-5D89-91C7A099998D}.Debug|Any CPU.Build.0 = Debug|Any CPU
		{F2BAAF51-474B-EDF4-5D89-91C7A099998D}.Release|Any CPU.ActiveCfg = Release|Any CPU
		{F2BAAF51-474B-EDF4-5D89-91C7A099998D}.Release|Any CPU.Build.0 = Release|Any CPU
		{7CDCA953-80FB-3079-A4AE-3DE70A1F8DDA}.Debug|Any CPU.ActiveCfg = Debug|Any CPU
		{7CDCA953-80FB-3079-A4AE-3DE70A1F8DDA}.Debug|Any CPU.Build.0 = Debug|Any CPU
		{7CDCA953-80FB-3079-A4AE-3DE70A1F8DDA}.Release|Any CPU.ActiveCfg = Release|Any CPU
		{7CDCA953-80FB-3079-A4AE-3DE70A1F8DDA}.Release|Any CPU.Build.0 = Release|Any CPU
		{187A968E-8E49-ACF5-3000-42AAFB99B366}.Debug|Any CPU.ActiveCfg = Debug|Any CPU
		{187A968E-8E49-ACF5-3000-42AAFB99B366}.Debug|Any CPU.Build.0 = Debug|Any CPU
		{187A968E-8E49-ACF5-3000-42AAFB99B366}.Release|Any CPU.ActiveCfg = Release|Any CPU
		{187A968E-8E49-ACF5-3000-42AAFB99B366}.Release|Any CPU.Build.0 = Release|Any CPU
		{437F6EF2-D0C1-1856-4A52-0AF7043B4426}.Debug|Any CPU.ActiveCfg = Debug|Any CPU
		{437F6EF2-D0C1-1856-4A52-0AF7043B4426}.Debug|Any CPU.Build.0 = Debug|Any CPU
		{437F6EF2-D0C1-1856-4A52-0AF7043B4426}.Release|Any CPU.ActiveCfg = Release|Any CPU
		{437F6EF2-D0C1-1856-4A52-0AF7043B4426}.Release|Any CPU.Build.0 = Release|Any CPU
		{DD895A96-E295-13A3-735C-C197DD387094}.Debug|Any CPU.ActiveCfg = Debug|Any CPU
		{DD895A96-E295-13A3-735C-C197DD387094}.Debug|Any CPU.Build.0 = Debug|Any CPU
		{DD895A96-E295-13A3-735C-C197DD387094}.Release|Any CPU.ActiveCfg = Release|Any CPU
		{DD895A96-E295-13A3-735C-C197DD387094}.Release|Any CPU.Build.0 = Release|Any CPU
		{7AD292A2-5675-15FF-3BE6-0811AC0BE8D5}.Debug|Any CPU.ActiveCfg = Debug|Any CPU
		{7AD292A2-5675-15FF-3BE6-0811AC0BE8D5}.Debug|Any CPU.Build.0 = Debug|Any CPU
		{7AD292A2-5675-15FF-3BE6-0811AC0BE8D5}.Release|Any CPU.ActiveCfg = Release|Any CPU
		{7AD292A2-5675-15FF-3BE6-0811AC0BE8D5}.Release|Any CPU.Build.0 = Release|Any CPU
	EndGlobalSection
	GlobalSection(SolutionProperties) = preSolution
		HideSolutionNode = FALSE
	EndGlobalSection
	GlobalSection(MonoDevelopProperties) = preSolution
		Policies = $0
		$0.TextStylePolicy = $1
		$1.FileWidth = 80
		$1.TabsToSpaces = True
		$1.EolMarker = Unix
		$1.scope = text/x-csharp
		$0.CSharpFormattingPolicy = $2
		$2.scope = text/x-csharp
	EndGlobalSection
EndGlobal
